
Microsoft Visual Studio Solution File, Format Version 12.00
# Visual Studio Version 16
VisualStudioVersion = 16.0.30002.166
MinimumVisualStudioVersion = 10.0.40219.1
Project("{9A19103F-16F7-4668-BE54-9A1E7A4F7556}") = "EmployeeManager.Mvc", "EmployeeManager.Mvc\EmployeeManager.Mvc.csproj", "{58A43853-B221-4043-8AC3-1812F1682B5C}"
EndProject
Global
	GlobalSection(SolutionConfigurationPlatforms) = preSolution
		Debug|Any CPU = Debug|Any CPU
		Release|Any CPU = Release|Any CPU
	EndGlobalSection
	GlobalSection(ProjectConfigurationPlatforms) = postSolution
		{58A43853-B221-4043-8AC3-1812F1682B5C}.Debug|Any CPU.ActiveCfg = Debug|Any CPU
		{58A43853-B221-4043-8AC3-1812F1682B5C}.Debug|Any CPU.Build.0 = Debug|Any CPU
		{58A43853-B221-4043-8AC3-1812F1682B5C}.Release|Any CPU.ActiveCfg = Release|Any CPU
		{58A43853-B221-4043-8AC3-1812F1682B5C}.Release|Any CPU.Build.0 = Release|Any CPU
	EndGlobalSection
	GlobalSection(SolutionProperties) = preSolution
		HideSolutionNode = FALSE
	EndGlobalSection
	GlobalSection(ExtensibilityGlobals) = postSolution
		SolutionGuid = {81613139-1741-4DD4-8FB2-95D6487780D4}
	EndGlobalSection
EndGlobal
